
Microsoft Visual Studio Solution File, Format Version 12.00
# Visual Studio Version 17
VisualStudioVersion = 17.5.33627.172
MinimumVisualStudioVersion = 10.0.40219.1
Project("{FAE04EC0-301F-11D3-BF4B-00C04F79EFBC}") = "Safari.Data", "Safari.Data\Safari.Data.csproj", "{2CD0089D-2C1E-456A-A3FB-15B3E1EC70A4}"
EndProject
Project("{FAE04EC0-301F-11D3-BF4B-00C04F79EFBC}") = "Safari.UnitTests", "Safari.UnitTests\Safari.UnitTests.csproj", "{057FC672-5EC9-43C8-98CF-0E3D41497CE7}"
EndProject
Project("{FAE04EC0-301F-11D3-BF4B-00C04F79EFBC}") = "Safari.Web", "Safari.Web\Safari.Web.csproj", "{3B549C01-B956-42E8-A8C7-5D8A05EB8E83}"
EndProject
Global
	GlobalSection(SolutionConfigurationPlatforms) = preSolution
		Debug|Any CPU = Debug|Any CPU
		Release|Any CPU = Release|Any CPU
	EndGlobalSection
	GlobalSection(ProjectConfigurationPlatforms) = postSolution
		{2CD0089D-2C1E-456A-A3FB-15B3E1EC70A4}.Debug|Any CPU.ActiveCfg = Debug|Any CPU
		{2CD0089D-2C1E-456A-A3FB-15B3E1EC70A4}.Debug|Any CPU.Build.0 = Debug|Any CPU
		{2CD0089D-2C1E-456A-A3FB-15B3E1EC70A4}.Release|Any CPU.ActiveCfg = Release|Any CPU
		{2CD0089D-2C1E-456A-A3FB-15B3E1EC70A4}.Release|Any CPU.Build.0 = Release|Any CPU
		{057FC672-5EC9-43C8-98CF-0E3D41497CE7}.Debug|Any CPU.ActiveCfg = Debug|Any CPU
		{057FC672-5EC9-43C8-98CF-0E3D41497CE7}.Debug|Any CPU.Build.0 = Debug|Any CPU
		{057FC672-5EC9-43C8-98CF-0E3D41497CE7}.Release|Any CPU.ActiveCfg = Release|Any CPU
		{057FC672-5EC9-43C8-98CF-0E3D41497CE7}.Release|Any CPU.Build.0 = Release|Any CPU
		{3B549C01-B956-42E8-A8C7-5D8A05EB8E83}.Debug|Any CPU.ActiveCfg = Debug|Any CPU
		{3B549C01-B956-42E8-A8C7-5D8A05EB8E83}.Debug|Any CPU.Build.0 = Debug|Any CPU
		{3B549C01-B956-42E8-A8C7-5D8A05EB8E83}.Release|Any CPU.ActiveCfg = Release|Any CPU
		{3B549C01-B956-42E8-A8C7-5D8A05EB8E83}.Release|Any CPU.Build.0 = Release|Any CPU
	EndGlobalSection
	GlobalSection(SolutionProperties) = preSolution
		HideSolutionNode = FALSE
	EndGlobalSection
	GlobalSection(ExtensibilityGlobals) = postSolution
		SolutionGuid = {E15CE859-1B1A-4B59-AC76-AEA96C159B9C}
	EndGlobalSection
EndGlobal
